
Microsoft Visual Studio Solution File, Format Version 12.00
# Visual Studio Version 16
VisualStudioVersion = 16.0.31205.134
MinimumVisualStudioVersion = 10.0.40219.1
Project("{8BC9CEB8-8B4A-11D0-8D11-00A0C91BC942}") = "보급로", "보급로\보급로.vcxproj", "{379D545B-31B0-450E-8FA6-268B1E6FD613}"
EndProject
Global
	GlobalSection(SolutionConfigurationPlatforms) = preSolution
		Debug|x64 = Debug|x64
		Debug|x86 = Debug|x86
		Release|x64 = Release|x64
		Release|x86 = Release|x86
	EndGlobalSection
	GlobalSection(ProjectConfigurationPlatforms) = postSolution
		{379D545B-31B0-450E-8FA6-268B1E6FD613}.Debug|x64.ActiveCfg = Debug|x64
		{379D545B-31B0-450E-8FA6-268B1E6FD613}.Debug|x64.Build.0 = Debug|x64
		{379D545B-31B0-450E-8FA6-268B1E6FD613}.Debug|x86.ActiveCfg = Debug|Win32
		{379D545B-31B0-450E-8FA6-268B1E6FD613}.Debug|x86.Build.0 = Debug|Win32
		{379D545B-31B0-450E-8FA6-268B1E6FD613}.Release|x64.ActiveCfg = Release|x64
		{379D545B-31B0-450E-8FA6-268B1E6FD613}.Release|x64.Build.0 = Release|x64
		{379D545B-31B0-450E-8FA6-268B1E6FD613}.Release|x86.ActiveCfg = Release|Win32
		{379D545B-31B0-450E-8FA6-268B1E6FD613}.Release|x86.Build.0 = Release|Win32
	EndGlobalSection
	GlobalSection(SolutionProperties) = preSolution
		HideSolutionNode = FALSE
	EndGlobalSection
	GlobalSection(ExtensibilityGlobals) = postSolution
		SolutionGuid = {31330B6F-EE9D-47BE-821D-61DD8D74DF61}
	EndGlobalSection
EndGlobal
